
Microsoft Visual Studio Solution File, Format Version 12.00
# Visual Studio Version 16
VisualStudioVersion = 16.0.31313.79
MinimumVisualStudioVersion = 10.0.40219.1
Project("{9A19103F-16F7-4668-BE54-9A1E7A4F7556}") = "m3Oblig1", "m3Oblig1\m3Oblig1.csproj", "{D6208571-BCAE-41D7-B9C2-1ADE451AD682}"
EndProject
Project("{9A19103F-16F7-4668-BE54-9A1E7A4F7556}") = "FamilyTest", "FamilyTest\FamilyTest.csproj", "{ABC57553-98BA-44F2-A415-55BF0C936002}"
EndProject
Global
	GlobalSection(SolutionConfigurationPlatforms) = preSolution
		Debug|Any CPU = Debug|Any CPU
		Debug|x64 = Debug|x64
		Release|Any CPU = Release|Any CPU
		Release|x64 = Release|x64
		Test|Any CPU = Test|Any CPU
		Test|x64 = Test|x64
	EndGlobalSection
	GlobalSection(ProjectConfigurationPlatforms) = postSolution
		{D6208571-BCAE-41D7-B9C2-1ADE451AD682}.Debug|Any CPU.ActiveCfg = Debug|Any CPU
		{D6208571-BCAE-41D7-B9C2-1ADE451AD682}.Debug|Any CPU.Build.0 = Debug|Any CPU
		{D6208571-BCAE-41D7-B9C2-1ADE451AD682}.Debug|x64.ActiveCfg = Debug|x64
		{D6208571-BCAE-41D7-B9C2-1ADE451AD682}.Debug|x64.Build.0 = Debug|x64
		{D6208571-BCAE-41D7-B9C2-1ADE451AD682}.Release|Any CPU.ActiveCfg = Release|Any CPU
		{D6208571-BCAE-41D7-B9C2-1ADE451AD682}.Release|Any CPU.Build.0 = Release|Any CPU
		{D6208571-BCAE-41D7-B9C2-1ADE451AD682}.Release|x64.ActiveCfg = Release|x64
		{D6208571-BCAE-41D7-B9C2-1ADE451AD682}.Release|x64.Build.0 = Release|x64
		{D6208571-BCAE-41D7-B9C2-1ADE451AD682}.Test|Any CPU.ActiveCfg = Test|Any CPU
		{D6208571-BCAE-41D7-B9C2-1ADE451AD682}.Test|Any CPU.Build.0 = Test|Any CPU
		{D6208571-BCAE-41D7-B9C2-1ADE451AD682}.Test|x64.ActiveCfg = Test|x64
		{D6208571-BCAE-41D7-B9C2-1ADE451AD682}.Test|x64.Build.0 = Test|x64
		{ABC57553-98BA-44F2-A415-55BF0C936002}.Debug|Any CPU.ActiveCfg = Debug|Any CPU
		{ABC57553-98BA-44F2-A415-55BF0C936002}.Debug|Any CPU.Build.0 = Debug|Any CPU
		{ABC57553-98BA-44F2-A415-55BF0C936002}.Debug|x64.ActiveCfg = Debug|x64
		{ABC57553-98BA-44F2-A415-55BF0C936002}.Debug|x64.Build.0 = Debug|x64
		{ABC57553-98BA-44F2-A415-55BF0C936002}.Release|Any CPU.ActiveCfg = Release|Any CPU
		{ABC57553-98BA-44F2-A415-55BF0C936002}.Release|Any CPU.Build.0 = Release|Any CPU
		{ABC57553-98BA-44F2-A415-55BF0C936002}.Release|x64.ActiveCfg = Release|x64
		{ABC57553-98BA-44F2-A415-55BF0C936002}.Release|x64.Build.0 = Release|x64
		{ABC57553-98BA-44F2-A415-55BF0C936002}.Test|Any CPU.ActiveCfg = Test|Any CPU
		{ABC57553-98BA-44F2-A415-55BF0C936002}.Test|Any CPU.Build.0 = Test|Any CPU
		{ABC57553-98BA-44F2-A415-55BF0C936002}.Test|x64.ActiveCfg = Test|x64
		{ABC57553-98BA-44F2-A415-55BF0C936002}.Test|x64.Build.0 = Test|x64
	EndGlobalSection
	GlobalSection(SolutionProperties) = preSolution
		HideSolutionNode = FALSE
	EndGlobalSection
	GlobalSection(ExtensibilityGlobals) = postSolution
		SolutionGuid = {8A80E28C-2DE1-4D23-8009-ED217611B658}
	EndGlobalSection
EndGlobal
